github.com/asgari-hamid/jsonw v0.1.0 h1:N1oiHJKAqfGFHt1MkA7EgGd4zfvxb7nc+FHvADdXzB0=
github.com/asgari-hamid/jsonw v0.1.0/go.mod h1:f0Iqhvb41DWSoPrgTzbaeSp5FGw/vi/wrIRwL87PlWw=
github.com/asgari-hamid/jsonw v0.1.1 h1:1BauymcaGDroKP22LpOBJsaRKKdcWY6MqPeFJDD53lU=
github.com/asgari-hamid/jsonw v0.1.1/go.mod h1:f0Iqhvb41DWSoPrgTzbaeSp5FGw/vi/wrIRwL87PlWw=
github.com/dave/jennifer v1.7.1 h1:B4jJJDHelWcDhlRQxWeo0Npa/pYKBLrirAQoTN45txo=
github.com/dave/jennifer v1.7.1/go.mod h1:nXbxhEmQfOZhWml3D1cDK5M1FLnMSozpbFN/m3RmGZc=
github.com/mailru/easyjson v0.9.1 h1:LbtsOm5WAswyWbvTEOqhypdPeZzHavpZx96/n553mR8=
github.com/mailru/easyjson v0.9.1/go.mod h1:1+xMtQp2MRNVL/V1bOzuP3aP8VNwRW55fQUto+XFtTU=
